
Microsoft Visual Studio Solution File, Format Version 12.00
# Visual Studio Version 17
VisualStudioVersion = 17.5.33424.131
MinimumVisualStudioVersion = 10.0.40219.1
Project("{FAE04EC0-301F-11D3-BF4B-00C04F79EFBC}") = "StringCalculatorKata", "StringCalculatorKata.csproj", "{14B2D39E-D6AF-4EDF-BC4A-4836943F2C93}"
EndProject
Project("{FAE04EC0-301F-11D3-BF4B-00C04F79EFBC}") = "TestProject", "..\TestProject\TestProject.csproj", "{A84C2729-C2EB-4785-B82E-B6D72836A8B7}"
EndProject
Global
	GlobalSection(SolutionConfigurationPlatforms) = preSolution
		Debug|Any CPU = Debug|Any CPU
		Release|Any CPU = Release|Any CPU
	EndGlobalSection
	GlobalSection(ProjectConfigurationPlatforms) = postSolution
		{14B2D39E-D6AF-4EDF-BC4A-4836943F2C93}.Debug|Any CPU.ActiveCfg = Debug|Any CPU
		{14B2D39E-D6AF-4EDF-BC4A-4836943F2C93}.Debug|Any CPU.Build.0 = Debug|Any CPU
		{14B2D39E-D6AF-4EDF-BC4A-4836943F2C93}.Release|Any CPU.ActiveCfg = Release|Any CPU
		{14B2D39E-D6AF-4EDF-BC4A-4836943F2C93}.Release|Any CPU.Build.0 = Release|Any CPU
		{A84C2729-C2EB-4785-B82E-B6D72836A8B7}.Debug|Any CPU.ActiveCfg = Debug|Any CPU
		{A84C2729-C2EB-4785-B82E-B6D72836A8B7}.Debug|Any CPU.Build.0 = Debug|Any CPU
		{A84C2729-C2EB-4785-B82E-B6D72836A8B7}.Release|Any CPU.ActiveCfg = Release|Any CPU
		{A84C2729-C2EB-4785-B82E-B6D72836A8B7}.Release|Any CPU.Build.0 = Release|Any CPU
	EndGlobalSection
	GlobalSection(SolutionProperties) = preSolution
		HideSolutionNode = FALSE
	EndGlobalSection
	GlobalSection(ExtensibilityGlobals) = postSolution
		SolutionGuid = {438C5EE4-D296-4080-B7F5-F0E4634480E2}
	EndGlobalSection
EndGlobal
